
Microsoft Visual Studio Solution File, Format Version 12.00
# Visual Studio 2012
Project("{FAE04EC0-301F-11D3-BF4B-00C04F79EFBC}") = "SHS.DataSets.DataSetPsychiatricNote", "SHS.DataSets.DataSetPsychiatricNote\SHS.DataSets.DataSetPsychiatricNote.csproj", "{DA4DE86D-551A-4C3E-A5EA-13CB15CCE443}"
EndProject
Global
	GlobalSection(SolutionConfigurationPlatforms) = preSolution
		Debug|Any CPU = Debug|Any CPU
		Release|Any CPU = Release|Any CPU
	EndGlobalSection
	GlobalSection(ProjectConfigurationPlatforms) = postSolution
		{DA4DE86D-551A-4C3E-A5EA-13CB15CCE443}.Debug|Any CPU.ActiveCfg = Debug|Any CPU
		{DA4DE86D-551A-4C3E-A5EA-13CB15CCE443}.Debug|Any CPU.Build.0 = Debug|Any CPU
		{DA4DE86D-551A-4C3E-A5EA-13CB15CCE443}.Release|Any CPU.ActiveCfg = Release|Any CPU
		{DA4DE86D-551A-4C3E-A5EA-13CB15CCE443}.Release|Any CPU.Build.0 = Release|Any CPU
	EndGlobalSection
	GlobalSection(SolutionProperties) = preSolution
		HideSolutionNode = FALSE
	EndGlobalSection
EndGlobal
