
Microsoft Visual Studio Solution File, Format Version 10.00
# Visual Studio 2008
Project("{F14B399A-7131-4C87-9E4B-1186C45EF12D}") = "Report Project1", "Report Project1\Report Project1.rptproj", "{6B689279-1EBA-4028-921C-9882A789EC13}"
EndProject
Global
	GlobalSection(SolutionConfigurationPlatforms) = preSolution
		Debug|Default = Debug|Default
		DebugLocal|Default = DebugLocal|Default
		Release|Default = Release|Default
	EndGlobalSection
	GlobalSection(ProjectConfigurationPlatforms) = postSolution
		{6B689279-1EBA-4028-921C-9882A789EC13}.Debug|Default.ActiveCfg = Debug
		{6B689279-1EBA-4028-921C-9882A789EC13}.Debug|Default.Build.0 = DebugLocal
		{6B689279-1EBA-4028-921C-9882A789EC13}.Debug|Default.Deploy.0 = DebugLocal
		{6B689279-1EBA-4028-921C-9882A789EC13}.DebugLocal|Default.ActiveCfg = DebugLocal
		{6B689279-1EBA-4028-921C-9882A789EC13}.DebugLocal|Default.Build.0 = DebugLocal
		{6B689279-1EBA-4028-921C-9882A789EC13}.Release|Default.ActiveCfg = Release
		{6B689279-1EBA-4028-921C-9882A789EC13}.Release|Default.Build.0 = Release
		{6B689279-1EBA-4028-921C-9882A789EC13}.Release|Default.Deploy.0 = Release
	EndGlobalSection
	GlobalSection(SolutionProperties) = preSolution
		HideSolutionNode = FALSE
	EndGlobalSection
EndGlobal
