
Microsoft Visual Studio Solution File, Format Version 10.00
# Visual Studio 2008
Project("{F14B399A-7131-4C87-9E4B-1186C45EF12D}") = "ARMRDLs", "ARMRDLs.rptproj", "{98363584-5ADC-426B-8670-724F9A7B2C8A}"
EndProject
Global
	GlobalSection(SolutionConfigurationPlatforms) = preSolution
		Debug|Default = Debug|Default
		DebugLocal|Default = DebugLocal|Default
		Release|Default = Release|Default
		Setup|Default = Setup|Default
	EndGlobalSection
	GlobalSection(ProjectConfigurationPlatforms) = postSolution
		{98363584-5ADC-426B-8670-724F9A7B2C8A}.Debug|Default.ActiveCfg = Debug
		{98363584-5ADC-426B-8670-724F9A7B2C8A}.Debug|Default.Build.0 = DebugLocal
		{98363584-5ADC-426B-8670-724F9A7B2C8A}.Debug|Default.Deploy.0 = DebugLocal
		{98363584-5ADC-426B-8670-724F9A7B2C8A}.DebugLocal|Default.ActiveCfg = DebugLocal
		{98363584-5ADC-426B-8670-724F9A7B2C8A}.DebugLocal|Default.Build.0 = DebugLocal
		{98363584-5ADC-426B-8670-724F9A7B2C8A}.Release|Default.ActiveCfg = Release
		{98363584-5ADC-426B-8670-724F9A7B2C8A}.Release|Default.Build.0 = Release
		{98363584-5ADC-426B-8670-724F9A7B2C8A}.Release|Default.Deploy.0 = Release
		{98363584-5ADC-426B-8670-724F9A7B2C8A}.Setup|Default.ActiveCfg = Setup
		{98363584-5ADC-426B-8670-724F9A7B2C8A}.Setup|Default.Deploy.0 = Setup
	EndGlobalSection
	GlobalSection(SolutionProperties) = preSolution
		HideSolutionNode = FALSE
	EndGlobalSection
EndGlobal
