
Microsoft Visual Studio Solution File, Format Version 10.00
# Visual Studio 2008
Project("{F14B399A-7131-4C87-9E4B-1186C45EF12D}") = "ND Client Statements", "ND Client Statements\ND Client Statements.rptproj", "{71D0A9E4-0691-4198-ABCA-111B3776A35B}"
EndProject
Global
	GlobalSection(SolutionConfigurationPlatforms) = preSolution
		Debug|Default = Debug|Default
		DebugLocal|Default = DebugLocal|Default
		Release|Default = Release|Default
	EndGlobalSection
	GlobalSection(ProjectConfigurationPlatforms) = postSolution
		{71D0A9E4-0691-4198-ABCA-111B3776A35B}.Debug|Default.ActiveCfg = Debug
		{71D0A9E4-0691-4198-ABCA-111B3776A35B}.Debug|Default.Build.0 = DebugLocal
		{71D0A9E4-0691-4198-ABCA-111B3776A35B}.Debug|Default.Deploy.0 = DebugLocal
		{71D0A9E4-0691-4198-ABCA-111B3776A35B}.DebugLocal|Default.ActiveCfg = DebugLocal
		{71D0A9E4-0691-4198-ABCA-111B3776A35B}.DebugLocal|Default.Build.0 = DebugLocal
		{71D0A9E4-0691-4198-ABCA-111B3776A35B}.Release|Default.ActiveCfg = Release
		{71D0A9E4-0691-4198-ABCA-111B3776A35B}.Release|Default.Build.0 = Release
		{71D0A9E4-0691-4198-ABCA-111B3776A35B}.Release|Default.Deploy.0 = Release
	EndGlobalSection
	GlobalSection(SolutionProperties) = preSolution
		HideSolutionNode = FALSE
	EndGlobalSection
EndGlobal
