
Microsoft Visual Studio Solution File, Format Version 10.00
# Visual Studio 2008
Project("{F14B399A-7131-4C87-9E4B-1186C45EF12D}") = "NDNW_Demographics", "NDNW_Demographics\NDNW_Demographics.rptproj", "{BB51FEC3-F08C-436E-933C-20F732687E2A}"
EndProject
Global
	GlobalSection(SolutionConfigurationPlatforms) = preSolution
		Debug|Default = Debug|Default
		DebugLocal|Default = DebugLocal|Default
		Release|Default = Release|Default
	EndGlobalSection
	GlobalSection(ProjectConfigurationPlatforms) = postSolution
		{BB51FEC3-F08C-436E-933C-20F732687E2A}.Debug|Default.ActiveCfg = Debug
		{BB51FEC3-F08C-436E-933C-20F732687E2A}.Debug|Default.Build.0 = DebugLocal
		{BB51FEC3-F08C-436E-933C-20F732687E2A}.Debug|Default.Deploy.0 = DebugLocal
		{BB51FEC3-F08C-436E-933C-20F732687E2A}.DebugLocal|Default.ActiveCfg = DebugLocal
		{BB51FEC3-F08C-436E-933C-20F732687E2A}.DebugLocal|Default.Build.0 = DebugLocal
		{BB51FEC3-F08C-436E-933C-20F732687E2A}.Release|Default.ActiveCfg = Release
		{BB51FEC3-F08C-436E-933C-20F732687E2A}.Release|Default.Build.0 = Release
		{BB51FEC3-F08C-436E-933C-20F732687E2A}.Release|Default.Deploy.0 = Release
	EndGlobalSection
	GlobalSection(SolutionProperties) = preSolution
		HideSolutionNode = FALSE
	EndGlobalSection
EndGlobal
