
Microsoft Visual Studio Solution File, Format Version 10.00
# Visual Studio 2008
Project("{FAE04EC0-301F-11D3-BF4B-00C04F79EFBC}") = "SHS.DataSets.DataSetCustomClientFees", "SHS.DataSets.DataSetCustomClientFees.csproj", "{95E20B45-AA8F-43DB-B998-F1F6D19DD0A3}"
EndProject
Global
	GlobalSection(SolutionConfigurationPlatforms) = preSolution
		Debug|Any CPU = Debug|Any CPU
		Release|Any CPU = Release|Any CPU
	EndGlobalSection
	GlobalSection(ProjectConfigurationPlatforms) = postSolution
		{95E20B45-AA8F-43DB-B998-F1F6D19DD0A3}.Debug|Any CPU.ActiveCfg = Debug|Any CPU
		{95E20B45-AA8F-43DB-B998-F1F6D19DD0A3}.Debug|Any CPU.Build.0 = Debug|Any CPU
		{95E20B45-AA8F-43DB-B998-F1F6D19DD0A3}.Release|Any CPU.ActiveCfg = Release|Any CPU
		{95E20B45-AA8F-43DB-B998-F1F6D19DD0A3}.Release|Any CPU.Build.0 = Release|Any CPU
	EndGlobalSection
	GlobalSection(SolutionProperties) = preSolution
		HideSolutionNode = FALSE
	EndGlobalSection
EndGlobal
