
Microsoft Visual Studio Solution File, Format Version 10.00
# Visual Studio 2008
Project("{FAE04EC0-301F-11D3-BF4B-00C04F79EFBC}") = "SHS.DataSets.PsychiatricServiceNote", "SHS.DataSets.PsychiatricServiceNote.csproj", "{E03191B7-4673-4A73-B77A-1532BB923BAE}"
EndProject
Global
	GlobalSection(SolutionConfigurationPlatforms) = preSolution
		Debug|Any CPU = Debug|Any CPU
		Release|Any CPU = Release|Any CPU
	EndGlobalSection
	GlobalSection(ProjectConfigurationPlatforms) = postSolution
		{E03191B7-4673-4A73-B77A-1532BB923BAE}.Debug|Any CPU.ActiveCfg = Debug|Any CPU
		{E03191B7-4673-4A73-B77A-1532BB923BAE}.Debug|Any CPU.Build.0 = Debug|Any CPU
		{E03191B7-4673-4A73-B77A-1532BB923BAE}.Release|Any CPU.ActiveCfg = Release|Any CPU
		{E03191B7-4673-4A73-B77A-1532BB923BAE}.Release|Any CPU.Build.0 = Release|Any CPU
	EndGlobalSection
	GlobalSection(SolutionProperties) = preSolution
		HideSolutionNode = FALSE
	EndGlobalSection
EndGlobal
