
Microsoft Visual Studio Solution File, Format Version 10.00
# Visual Studio 2008
Project("{E24C65DC-7377-472B-9ABA-BC803B73C61A}") = "ImageServer", ".", "{585AF263-C6B7-420F-80CC-33D9CDC0727A}"
	ProjectSection(WebsiteProperties) = preProject
		TargetFramework = "3.5"
		Debug.AspNetCompiler.VirtualPath = "/ImageServer"
		Debug.AspNetCompiler.PhysicalPath = "..\ImageServer\"
		Debug.AspNetCompiler.TargetPath = "PrecompiledWeb\ImageServer\"
		Debug.AspNetCompiler.Updateable = "true"
		Debug.AspNetCompiler.ForceOverwrite = "true"
		Debug.AspNetCompiler.FixedNames = "false"
		Debug.AspNetCompiler.Debug = "True"
		Release.AspNetCompiler.VirtualPath = "/ImageServer"
		Release.AspNetCompiler.PhysicalPath = "..\ImageServer\"
		Release.AspNetCompiler.TargetPath = "PrecompiledWeb\ImageServer\"
		Release.AspNetCompiler.Updateable = "true"
		Release.AspNetCompiler.ForceOverwrite = "true"
		Release.AspNetCompiler.FixedNames = "false"
		Release.AspNetCompiler.Debug = "False"
		VWDPort = "60654"
	EndProjectSection
EndProject
Global
	GlobalSection(SolutionConfigurationPlatforms) = preSolution
		Debug|Any CPU = Debug|Any CPU
	EndGlobalSection
	GlobalSection(ProjectConfigurationPlatforms) = postSolution
		{585AF263-C6B7-420F-80CC-33D9CDC0727A}.Debug|Any CPU.ActiveCfg = Debug|Any CPU
		{585AF263-C6B7-420F-80CC-33D9CDC0727A}.Debug|Any CPU.Build.0 = Debug|Any CPU
	EndGlobalSection
	GlobalSection(SolutionProperties) = preSolution
		HideSolutionNode = FALSE
	EndGlobalSection
EndGlobal
