
Microsoft Visual Studio Solution File, Format Version 12.00
# Visual Studio 2012
Project("{FAE04EC0-301F-11D3-BF4B-00C04F79EFBC}") = "Streamline.UserBusinessServices", "Streamline.UserBusinessService\Streamline.UserBusinessServices.csproj", "{CBA434A8-0740-46C7-9B1A-13BEB246CAA8}"
EndProject
Project("{FAE04EC0-301F-11D3-BF4B-00C04F79EFBC}") = "Streamline.DataServices", "Streamline.DataService\Streamline.DataServices.csproj", "{1DBF1C0D-6D9A-4F26-8A8C-32B4C6E51B33}"
EndProject
Project("{E24C65DC-7377-472B-9ABA-BC803B73C61A}") = "Streamline.SmartClient", "Streamline.SmartClient\", "{38FA7DF5-4393-487D-BBFE-D254434BB23A}"
	ProjectSection(WebsiteProperties) = preProject
		SccProjectName = ""
		SccAuxPath = ""
		SccLocalPath = ""
		SccProvider = ""
		TargetFrameworkMoniker = ".NETFramework,Version%3Dv4.5"
		ProjectReferences = "{5AAD4133-F49E-4DAF-AB8F-00E9523BFA29}|Microsoft.ApplicationBlocks.ExceptionManagement.dll;{0589A60A-DEBA-4AA7-8849-98E1275A8C36}|Streamline.BaseLayer.dll;{CBA434A8-0740-46C7-9B1A-13BEB246CAA8}|Streamline.UserBusinessServices.dll;{1DBF1C0D-6D9A-4F26-8A8C-32B4C6E51B33}|Streamline.DataService.dll;"
		Debug.AspNetCompiler.VirtualPath = "/SmartcareRx3x"
		Debug.AspNetCompiler.PhysicalPath = "Streamline.SmartClient\"
		Debug.AspNetCompiler.TargetPath = "PrecompiledWeb\SmartcareRx3x\"
		Debug.AspNetCompiler.Updateable = "true"
		Debug.AspNetCompiler.ForceOverwrite = "true"
		Debug.AspNetCompiler.FixedNames = "true"
		Debug.AspNetCompiler.Debug = "True"
		Release.AspNetCompiler.VirtualPath = "/SmartcareRx3x"
		Release.AspNetCompiler.PhysicalPath = "Streamline.SmartClient\"
		Release.AspNetCompiler.TargetPath = "PrecompiledWeb\SmartcareRx3x\"
		Release.AspNetCompiler.Updateable = "true"
		Release.AspNetCompiler.ForceOverwrite = "true"
		Release.AspNetCompiler.FixedNames = "true"
		Release.AspNetCompiler.Debug = "False"
		VWDPort = "52113"
		DefaultWebSiteLanguage = "Visual C#"
	EndProjectSection
EndProject
Project("{FAE04EC0-301F-11D3-BF4B-00C04F79EFBC}") = "Microsoft.ApplicationBlocks.ExceptionManagement", "Microsoft.ApplicationBlocks.ExceptionManagement\Microsoft.ApplicationBlocks.ExceptionManagement.csproj", "{5AAD4133-F49E-4DAF-AB8F-00E9523BFA29}"
EndProject
Project("{FAE04EC0-301F-11D3-BF4B-00C04F79EFBC}") = "Streamline.BaseLayer", "Streamline.BaseLayer\Streamline.BaseLayer.csproj", "{0589A60A-DEBA-4AA7-8849-98E1275A8C36}"
EndProject
Global
	GlobalSection(SolutionConfigurationPlatforms) = preSolution
		Debug|.NET = Debug|.NET
		Debug|Any CPU = Debug|Any CPU
		Debug|Mixed Platforms = Debug|Mixed Platforms
		Release|.NET = Release|.NET
		Release|Any CPU = Release|Any CPU
		Release|Mixed Platforms = Release|Mixed Platforms
	EndGlobalSection
	GlobalSection(ProjectConfigurationPlatforms) = postSolution
		{CBA434A8-0740-46C7-9B1A-13BEB246CAA8}.Debug|.NET.ActiveCfg = Debug|Any CPU
		{CBA434A8-0740-46C7-9B1A-13BEB246CAA8}.Debug|Any CPU.ActiveCfg = Debug|Any CPU
		{CBA434A8-0740-46C7-9B1A-13BEB246CAA8}.Debug|Any CPU.Build.0 = Debug|Any CPU
		{CBA434A8-0740-46C7-9B1A-13BEB246CAA8}.Debug|Mixed Platforms.ActiveCfg = Debug|Any CPU
		{CBA434A8-0740-46C7-9B1A-13BEB246CAA8}.Debug|Mixed Platforms.Build.0 = Debug|Any CPU
		{CBA434A8-0740-46C7-9B1A-13BEB246CAA8}.Release|.NET.ActiveCfg = Release|Any CPU
		{CBA434A8-0740-46C7-9B1A-13BEB246CAA8}.Release|Any CPU.ActiveCfg = Release|Any CPU
		{CBA434A8-0740-46C7-9B1A-13BEB246CAA8}.Release|Any CPU.Build.0 = Release|Any CPU
		{CBA434A8-0740-46C7-9B1A-13BEB246CAA8}.Release|Mixed Platforms.ActiveCfg = Release|Any CPU
		{CBA434A8-0740-46C7-9B1A-13BEB246CAA8}.Release|Mixed Platforms.Build.0 = Release|Any CPU
		{1DBF1C0D-6D9A-4F26-8A8C-32B4C6E51B33}.Debug|.NET.ActiveCfg = Debug|Any CPU
		{1DBF1C0D-6D9A-4F26-8A8C-32B4C6E51B33}.Debug|Any CPU.ActiveCfg = Debug|Any CPU
		{1DBF1C0D-6D9A-4F26-8A8C-32B4C6E51B33}.Debug|Any CPU.Build.0 = Debug|Any CPU
		{1DBF1C0D-6D9A-4F26-8A8C-32B4C6E51B33}.Debug|Mixed Platforms.ActiveCfg = Debug|Any CPU
		{1DBF1C0D-6D9A-4F26-8A8C-32B4C6E51B33}.Debug|Mixed Platforms.Build.0 = Debug|Any CPU
		{1DBF1C0D-6D9A-4F26-8A8C-32B4C6E51B33}.Release|.NET.ActiveCfg = Release|Any CPU
		{1DBF1C0D-6D9A-4F26-8A8C-32B4C6E51B33}.Release|Any CPU.ActiveCfg = Release|Any CPU
		{1DBF1C0D-6D9A-4F26-8A8C-32B4C6E51B33}.Release|Any CPU.Build.0 = Release|Any CPU
		{1DBF1C0D-6D9A-4F26-8A8C-32B4C6E51B33}.Release|Mixed Platforms.ActiveCfg = Release|Any CPU
		{1DBF1C0D-6D9A-4F26-8A8C-32B4C6E51B33}.Release|Mixed Platforms.Build.0 = Release|Any CPU
		{38FA7DF5-4393-487D-BBFE-D254434BB23A}.Debug|.NET.ActiveCfg = Debug|Any CPU
		{38FA7DF5-4393-487D-BBFE-D254434BB23A}.Debug|Any CPU.ActiveCfg = Debug|Any CPU
		{38FA7DF5-4393-487D-BBFE-D254434BB23A}.Debug|Any CPU.Build.0 = Debug|Any CPU
		{38FA7DF5-4393-487D-BBFE-D254434BB23A}.Debug|Mixed Platforms.ActiveCfg = Debug|Any CPU
		{38FA7DF5-4393-487D-BBFE-D254434BB23A}.Debug|Mixed Platforms.Build.0 = Debug|Any CPU
		{38FA7DF5-4393-487D-BBFE-D254434BB23A}.Release|.NET.ActiveCfg = Debug|Any CPU
		{38FA7DF5-4393-487D-BBFE-D254434BB23A}.Release|Any CPU.ActiveCfg = Debug|Any CPU
		{38FA7DF5-4393-487D-BBFE-D254434BB23A}.Release|Any CPU.Build.0 = Debug|Any CPU
		{38FA7DF5-4393-487D-BBFE-D254434BB23A}.Release|Mixed Platforms.ActiveCfg = Debug|Any CPU
		{38FA7DF5-4393-487D-BBFE-D254434BB23A}.Release|Mixed Platforms.Build.0 = Debug|Any CPU
		{5AAD4133-F49E-4DAF-AB8F-00E9523BFA29}.Debug|.NET.ActiveCfg = Debug|Any CPU
		{5AAD4133-F49E-4DAF-AB8F-00E9523BFA29}.Debug|Any CPU.ActiveCfg = Debug|Any CPU
		{5AAD4133-F49E-4DAF-AB8F-00E9523BFA29}.Debug|Any CPU.Build.0 = Debug|Any CPU
		{5AAD4133-F49E-4DAF-AB8F-00E9523BFA29}.Debug|Mixed Platforms.ActiveCfg = Debug|Any CPU
		{5AAD4133-F49E-4DAF-AB8F-00E9523BFA29}.Debug|Mixed Platforms.Build.0 = Debug|Any CPU
		{5AAD4133-F49E-4DAF-AB8F-00E9523BFA29}.Release|.NET.ActiveCfg = Release|Any CPU
		{5AAD4133-F49E-4DAF-AB8F-00E9523BFA29}.Release|Any CPU.ActiveCfg = Release|Any CPU
		{5AAD4133-F49E-4DAF-AB8F-00E9523BFA29}.Release|Any CPU.Build.0 = Release|Any CPU
		{5AAD4133-F49E-4DAF-AB8F-00E9523BFA29}.Release|Mixed Platforms.ActiveCfg = Release|Any CPU
		{5AAD4133-F49E-4DAF-AB8F-00E9523BFA29}.Release|Mixed Platforms.Build.0 = Release|Any CPU
		{0589A60A-DEBA-4AA7-8849-98E1275A8C36}.Debug|.NET.ActiveCfg = Debug|Any CPU
		{0589A60A-DEBA-4AA7-8849-98E1275A8C36}.Debug|Any CPU.ActiveCfg = Debug|Any CPU
		{0589A60A-DEBA-4AA7-8849-98E1275A8C36}.Debug|Any CPU.Build.0 = Debug|Any CPU
		{0589A60A-DEBA-4AA7-8849-98E1275A8C36}.Debug|Mixed Platforms.ActiveCfg = Debug|Any CPU
		{0589A60A-DEBA-4AA7-8849-98E1275A8C36}.Debug|Mixed Platforms.Build.0 = Debug|Any CPU
		{0589A60A-DEBA-4AA7-8849-98E1275A8C36}.Release|.NET.ActiveCfg = Release|Any CPU
		{0589A60A-DEBA-4AA7-8849-98E1275A8C36}.Release|Any CPU.ActiveCfg = Release|Any CPU
		{0589A60A-DEBA-4AA7-8849-98E1275A8C36}.Release|Any CPU.Build.0 = Release|Any CPU
		{0589A60A-DEBA-4AA7-8849-98E1275A8C36}.Release|Mixed Platforms.ActiveCfg = Release|Any CPU
		{0589A60A-DEBA-4AA7-8849-98E1275A8C36}.Release|Mixed Platforms.Build.0 = Release|Any CPU
	EndGlobalSection
	GlobalSection(SolutionProperties) = preSolution
		HideSolutionNode = FALSE
	EndGlobalSection
EndGlobal
