
Microsoft Visual Studio Solution File, Format Version 10.00
# Visual Studio 2008
Project("{FAE04EC0-301F-11D3-BF4B-00C04F79EFBC}") = "SHS.DataSets.DataSetDocumentTransfersValley", "SHS.DataSets.DataSetDocumentTransfersValley\SHS.DataSets.DataSetDocumentTransfersValley.csproj", "{CE3F5BF6-0C12-4F93-94F4-161A53049652}"
EndProject
Global
	GlobalSection(SolutionConfigurationPlatforms) = preSolution
		Debug|Any CPU = Debug|Any CPU
		Release|Any CPU = Release|Any CPU
	EndGlobalSection
	GlobalSection(ProjectConfigurationPlatforms) = postSolution
		{CE3F5BF6-0C12-4F93-94F4-161A53049652}.Debug|Any CPU.ActiveCfg = Debug|Any CPU
		{CE3F5BF6-0C12-4F93-94F4-161A53049652}.Debug|Any CPU.Build.0 = Debug|Any CPU
		{CE3F5BF6-0C12-4F93-94F4-161A53049652}.Release|Any CPU.ActiveCfg = Release|Any CPU
		{CE3F5BF6-0C12-4F93-94F4-161A53049652}.Release|Any CPU.Build.0 = Release|Any CPU
	EndGlobalSection
	GlobalSection(SolutionProperties) = preSolution
		HideSolutionNode = FALSE
	EndGlobalSection
EndGlobal
