
Microsoft Visual Studio Solution File, Format Version 10.00
# Visual Studio 2008
Project("{F14B399A-7131-4C87-9E4B-1186C45EF12D}") = "ClientSlidingFeeOrNoInsurance", "ClientSlidingFeeOrNoInsurance\ClientSlidingFeeOrNoInsurance.rptproj", "{8E7E5F46-C9B8-42B8-BB5F-21E9CD8247AE}"
EndProject
Global
	GlobalSection(SolutionConfigurationPlatforms) = preSolution
		Debug|Default = Debug|Default
		DebugLocal|Default = DebugLocal|Default
		Release|Default = Release|Default
	EndGlobalSection
	GlobalSection(ProjectConfigurationPlatforms) = postSolution
		{8E7E5F46-C9B8-42B8-BB5F-21E9CD8247AE}.Debug|Default.ActiveCfg = Debug
		{8E7E5F46-C9B8-42B8-BB5F-21E9CD8247AE}.Debug|Default.Build.0 = DebugLocal
		{8E7E5F46-C9B8-42B8-BB5F-21E9CD8247AE}.Debug|Default.Deploy.0 = DebugLocal
		{8E7E5F46-C9B8-42B8-BB5F-21E9CD8247AE}.DebugLocal|Default.ActiveCfg = DebugLocal
		{8E7E5F46-C9B8-42B8-BB5F-21E9CD8247AE}.DebugLocal|Default.Build.0 = DebugLocal
		{8E7E5F46-C9B8-42B8-BB5F-21E9CD8247AE}.Release|Default.ActiveCfg = Release
		{8E7E5F46-C9B8-42B8-BB5F-21E9CD8247AE}.Release|Default.Build.0 = Release
		{8E7E5F46-C9B8-42B8-BB5F-21E9CD8247AE}.Release|Default.Deploy.0 = Release
	EndGlobalSection
	GlobalSection(SolutionProperties) = preSolution
		HideSolutionNode = FALSE
	EndGlobalSection
EndGlobal
